PODS:
  - Nimble (8.1.2)
  - Quick (3.0.0)
  - Texture/Core (3.0.0)
  - WebViewJavascriptBridge (6.0.3)
  - WebViewNode/JSBridge (0.3.0):
    - WebViewJavascriptBridge (~> 6.0)
    - WebViewNode/Web
  - WebViewNode/Node (0.3.0):
    - Texture/Core (~> 3.0)
    - WebViewNode/Web
  - WebViewNode/Web (0.3.0)

DEPENDENCIES:
  - Nimble
  - Quick
  - WebViewNode/JSBridge (from `../`)
  - WebViewNode/Node (from `../`)
  - WebViewNode/Web (from `../`)

SPEC REPOS:
  https://github.com/CocoaPods/Specs.git:
    - Nimble
    - Quick
    - Texture
    - WebViewJavascriptBridge

EXTERNAL SOURCES:
  WebViewNode:
    :path: "../"

SPEC CHECKSUMS:
  Nimble: 3864815b4703c7ebffba875973c70e854489fbae
  Quick: 6d9559f40647bc4d510103842ef2fdd882d753e2
  Texture: 2f109e937850d94d1d07232041c9c7313ccddb81
  WebViewJavascriptBridge: 7f5bc4d3581e672e8f32bd0f812d54bc69bb8e29
  WebViewNode: 530ba38e72c21c74df4716cfc69957ac97c2e5b1

PODFILE CHECKSUM: 3e8c822bc5b7b7d355798a57e133dfb0b85788b2

COCOAPODS: 1.9.3
