PODS:
  - Nimble (8.0.4)
  - Quick (2.2.0)
  - Texture/Core (2.8.1)
  - WebViewNode/JSBridge (0.3.0):
    - WebViewNode/Web
    - WKWebViewJavascriptBridge (~> 1.2)
  - WebViewNode/Node (0.3.0):
    - Texture/Core (~> 2.8)
    - WebViewNode/Web
  - WebViewNode/Web (0.3.0)
  - WKWebViewJavascriptBridge (1.2.0)

DEPENDENCIES:
  - Nimble
  - Quick
  - WebViewNode/JSBridge (from `../`)
  - WebViewNode/Node (from `../`)
  - WebViewNode/Web (from `../`)
  - WKWebViewJavascriptBridge (from `../../WKWebViewJavascriptBridge`)

SPEC REPOS:
  https://github.com/CocoaPods/Specs.git:
    - Nimble
    - Quick
    - Texture

EXTERNAL SOURCES:
  WebViewNode:
    :path: "../"
  WKWebViewJavascriptBridge:
    :path: "../../WKWebViewJavascriptBridge"

SPEC CHECKSUMS:
  Nimble: 18d5360282923225d62b09d781f63abc1a0111fc
  Quick: 7fb19e13be07b5dfb3b90d4f9824c855a11af40e
  Texture: 8ecf6984065a1e54f06bf97b349ecca28582acd7
  WebViewNode: 5e0b39f116c03c7ab7a272333e76195fb487a623
  WKWebViewJavascriptBridge: 43c5948c08c29b8777530d512d02eb921ca0881f

PODFILE CHECKSUM: 9f2c3681120c9fd2dc77b1b3621bd520a76c6010

COCOAPODS: 1.8.4
